{
    "_readme": [
        "This file locks the dependencies of your project to a known state",
        "Read more about it at https://getcomposer.org/doc/01-basic-usage.md#installing-dependencies",
        "This file is @generated automatically"
    ],
    "content-hash": "10fa75cb99d58a9cc56d4802e8a72070",
    "packages": [
        {
            "name": "voral/version-increment",
            "version": "dev-master",
            "source": {
                "type": "git",
                "url": "https://github.com/Voral/vs-version-incrementor.git",
                "reference": "c1e4c2fca35246657a5beeebb5af3cb9f9d11ffd"
            },
            "dist": {
                "type": "zip",
                "url": "https://api.github.com/repos/Voral/vs-version-incrementor/zipball/c1e4c2fca35246657a5beeebb5af3cb9f9d11ffd",
                "reference": "c1e4c2fca35246657a5beeebb5af3cb9f9d11ffd",
                "shasum": ""
            },
            "require": {
                "php": ">=8.1"
            },
            "require-dev": {
                "friendsofphp/php-cs-fixer": "^3.66.0",
                "php-mock/php-mock-phpunit": "^2.10",
                "phpstan/phpstan": "^2.1",
                "phpstan/phpstan-phpunit": "^2.0",
                "phpunit/phpunit": "^10.5"
            },
            "default-branch": true,
            "bin": [
                "bin/vs-version-increment"
            ],
            "type": "library",
            "autoload": {
                "psr-4": {
                    "Vasoft\\VersionIncrement\\": "src/"
                }
            },
            "notification-url": "https://packagist.org/downloads/",
            "license": [
                "MIT"
            ],
            "authors": [
                {
                    "name": "Alexander Vorobyev",
                    "email": "voral.adm@gmail.com"
                }
            ],
            "description": "A tool for semantic versioning and changelog generation in Composer projects based on Git commits.",
            "homepage": "https://github.com/Voral/vs-version-incrementor",
            "keywords": [
                "changelog",
                "composer",
                "git",
                "semantic versioning",
                "version increment"
            ],
            "support": {
                "issues": "https://github.com/Voral/vs-version-incrementor/issues",
                "source": "https://github.com/Voral/vs-version-incrementor"
            },
            "time": "2025-04-21T14:40:37+00:00"
        }
    ],
    "packages-dev": [],
    "aliases": [],
    "minimum-stability": "stable",
    "stability-flags": {
        "voral/version-increment": 20
    },
    "prefer-stable": false,
    "prefer-lowest": false,
    "platform": {},
    "platform-dev": {},
    "plugin-api-version": "2.6.0"
}
